
Microsoft Visual Studio Solution File, Format Version 12.00
# Visual Studio Version 17
VisualStudioVersion = 17.8.34525.116
MinimumVisualStudioVersion = 10.0.40219.1
Project("{FAE04EC0-301F-11D3-BF4B-00C04F79EFBC}") = "ConsoleAppHotel", "ConsoleAppHotel\ConsoleAppHotel.csproj", "{B2AD1356-6F86-47A3-9B2D-302CA63D7DD8}"
EndProject
Global
	GlobalSection(SolutionConfigurationPlatforms) = preSolution
		Debug|Any CPU = Debug|Any CPU
		Release|Any CPU = Release|Any CPU
	EndGlobalSection
	GlobalSection(ProjectConfigurationPlatforms) = postSolution
		{B2AD1356-6F86-47A3-9B2D-302CA63D7DD8}.Debug|Any CPU.ActiveCfg = Debug|Any CPU
		{B2AD1356-6F86-47A3-9B2D-302CA63D7DD8}.Debug|Any CPU.Build.0 = Debug|Any CPU
		{B2AD1356-6F86-47A3-9B2D-302CA63D7DD8}.Release|Any CPU.ActiveCfg = Release|Any CPU
		{B2AD1356-6F86-47A3-9B2D-302CA63D7DD8}.Release|Any CPU.Build.0 = Release|Any CPU
	EndGlobalSection
	GlobalSection(SolutionProperties) = preSolution
		HideSolutionNode = FALSE
	EndGlobalSection
	GlobalSection(ExtensibilityGlobals) = postSolution
		SolutionGuid = {79C7D5CB-BAB9-4B76-A230-3FD00FE17344}
	EndGlobalSection
EndGlobal
